
Microsoft Visual Studio Solution File, Format Version 12.00
# Visual Studio Version 16
VisualStudioVersion = 16.0.31025.194
MinimumVisualStudioVersion = 10.0.40219.1
Project("{9A19103F-16F7-4668-BE54-9A1E7A4F7556}") = "OpenClosedPrinciple", "DesignPatternsCourse\OpenClosedPrinciple.csproj", "{8D2E5564-2F7A-419B-9195-CCEE2FC8FBD5}"
EndProject
Project("{9A19103F-16F7-4668-BE54-9A1E7A4F7556}") = "LiskovSubstitution", "LiskovSubstitution\LiskovSubstitution.csproj", "{2A20C78A-046E-4BEA-B50F-C6F7EA23000F}"
EndProject
Project("{9A19103F-16F7-4668-BE54-9A1E7A4F7556}") = "InterfaceSegregation", "InterfaceSegregation\InterfaceSegregation.csproj", "{7D032D10-5A96-4F8C-BFEF-3DD328C691C4}"
EndProject
Project("{9A19103F-16F7-4668-BE54-9A1E7A4F7556}") = "SingleResponsibility", "SingleResponsibility\SingleResponsibility.csproj", "{B15552FA-6C7B-439D-8BD8-35BFDF5A5EC4}"
EndProject
Project("{9A19103F-16F7-4668-BE54-9A1E7A4F7556}") = "DependencyInversion", "DependencyInversion\DependencyInversion.csproj", "{C9C4B429-8FD0-46BB-8010-E7319906FCCC}"
EndProject
Project("{9A19103F-16F7-4668-BE54-9A1E7A4F7556}") = "BuilderDP", "BuilderDP\BuilderDP.csproj", "{9E3AFB6D-D52E-4958-A186-763A8AFBC400}"
EndProject
Project("{9A19103F-16F7-4668-BE54-9A1E7A4F7556}") = "FactoryMethodDP", "FactoryMethodDP\FactoryMethodDP.csproj", "{BF7EFA08-C020-4916-9401-64622980CE57}"
EndProject
Project("{9A19103F-16F7-4668-BE54-9A1E7A4F7556}") = "AbstractFactoryDP", "AbstractFactoryDP\AbstractFactoryDP.csproj", "{D32B07CB-13BB-4994-BE4B-4C5534B0C35A}"
EndProject
Project("{FAE04EC0-301F-11D3-BF4B-00C04F79EFBC}") = "Prototype", "Prototype\Prototype.csproj", "{DE85F91B-03F5-4E24-9843-4C081871EC5D}"
EndProject
Global
	GlobalSection(SolutionConfigurationPlatforms) = preSolution
		Debug|Any CPU = Debug|Any CPU
		Release|Any CPU = Release|Any CPU
	EndGlobalSection
	GlobalSection(ProjectConfigurationPlatforms) = postSolution
		{8D2E5564-2F7A-419B-9195-CCEE2FC8FBD5}.Debug|Any CPU.ActiveCfg = Debug|Any CPU
		{8D2E5564-2F7A-419B-9195-CCEE2FC8FBD5}.Debug|Any CPU.Build.0 = Debug|Any CPU
		{8D2E5564-2F7A-419B-9195-CCEE2FC8FBD5}.Release|Any CPU.ActiveCfg = Release|Any CPU
		{8D2E5564-2F7A-419B-9195-CCEE2FC8FBD5}.Release|Any CPU.Build.0 = Release|Any CPU
		{2A20C78A-046E-4BEA-B50F-C6F7EA23000F}.Debug|Any CPU.ActiveCfg = Debug|Any CPU
		{2A20C78A-046E-4BEA-B50F-C6F7EA23000F}.Debug|Any CPU.Build.0 = Debug|Any CPU
		{2A20C78A-046E-4BEA-B50F-C6F7EA23000F}.Release|Any CPU.ActiveCfg = Release|Any CPU
		{2A20C78A-046E-4BEA-B50F-C6F7EA23000F}.Release|Any CPU.Build.0 = Release|Any CPU
		{7D032D10-5A96-4F8C-BFEF-3DD328C691C4}.Debug|Any CPU.ActiveCfg = Debug|Any CPU
		{7D032D10-5A96-4F8C-BFEF-3DD328C691C4}.Debug|Any CPU.Build.0 = Debug|Any CPU
		{7D032D10-5A96-4F8C-BFEF-3DD328C691C4}.Release|Any CPU.ActiveCfg = Release|Any CPU
		{7D032D10-5A96-4F8C-BFEF-3DD328C691C4}.Release|Any CPU.Build.0 = Release|Any CPU
		{B15552FA-6C7B-439D-8BD8-35BFDF5A5EC4}.Debug|Any CPU.ActiveCfg = Debug|Any CPU
		{B15552FA-6C7B-439D-8BD8-35BFDF5A5EC4}.Debug|Any CPU.Build.0 = Debug|Any CPU
		{B15552FA-6C7B-439D-8BD8-35BFDF5A5EC4}.Release|Any CPU.ActiveCfg = Release|Any CPU
		{B15552FA-6C7B-439D-8BD8-35BFDF5A5EC4}.Release|Any CPU.Build.0 = Release|Any CPU
		{C9C4B429-8FD0-46BB-8010-E7319906FCCC}.Debug|Any CPU.ActiveCfg = Debug|Any CPU
		{C9C4B429-8FD0-46BB-8010-E7319906FCCC}.Debug|Any CPU.Build.0 = Debug|Any CPU
		{C9C4B429-8FD0-46BB-8010-E7319906FCCC}.Release|Any CPU.ActiveCfg = Release|Any CPU
		{C9C4B429-8FD0-46BB-8010-E7319906FCCC}.Release|Any CPU.Build.0 = Release|Any CPU
		{9E3AFB6D-D52E-4958-A186-763A8AFBC400}.Debug|Any CPU.ActiveCfg = Debug|Any CPU
		{9E3AFB6D-D52E-4958-A186-763A8AFBC400}.Debug|Any CPU.Build.0 = Debug|Any CPU
		{9E3AFB6D-D52E-4958-A186-763A8AFBC400}.Release|Any CPU.ActiveCfg = Release|Any CPU
		{9E3AFB6D-D52E-4958-A186-763A8AFBC400}.Release|Any CPU.Build.0 = Release|Any CPU
		{BF7EFA08-C020-4916-9401-64622980CE57}.Debug|Any CPU.ActiveCfg = Debug|Any CPU
		{BF7EFA08-C020-4916-9401-64622980CE57}.Debug|Any CPU.Build.0 = Debug|Any CPU
		{BF7EFA08-C020-4916-9401-64622980CE57}.Release|Any CPU.ActiveCfg = Release|Any CPU
		{BF7EFA08-C020-4916-9401-64622980CE57}.Release|Any CPU.Build.0 = Release|Any CPU
		{D32B07CB-13BB-4994-BE4B-4C5534B0C35A}.Debug|Any CPU.ActiveCfg = Debug|Any CPU
		{D32B07CB-13BB-4994-BE4B-4C5534B0C35A}.Debug|Any CPU.Build.0 = Debug|Any CPU
		{D32B07CB-13BB-4994-BE4B-4C5534B0C35A}.Release|Any CPU.ActiveCfg = Release|Any CPU
		{D32B07CB-13BB-4994-BE4B-4C5534B0C35A}.Release|Any CPU.Build.0 = Release|Any CPU
		{DE85F91B-03F5-4E24-9843-4C081871EC5D}.Debug|Any CPU.ActiveCfg = Debug|Any CPU
		{DE85F91B-03F5-4E24-9843-4C081871EC5D}.Debug|Any CPU.Build.0 = Debug|Any CPU
		{DE85F91B-03F5-4E24-9843-4C081871EC5D}.Release|Any CPU.ActiveCfg = Release|Any CPU
		{DE85F91B-03F5-4E24-9843-4C081871EC5D}.Release|Any CPU.Build.0 = Release|Any CPU
	EndGlobalSection
	GlobalSection(SolutionProperties) = preSolution
		HideSolutionNode = FALSE
	EndGlobalSection
	GlobalSection(ExtensibilityGlobals) = postSolution
		SolutionGuid = {9E18EC9B-9EFD-482D-AE7C-97807112115A}
	EndGlobalSection
EndGlobal
